
Microsoft Visual Studio Solution File, Format Version 12.00
# Visual Studio 15
VisualStudioVersion = 15.0.28307.572
MinimumVisualStudioVersion = 10.0.40219.1
Project("{9092AA53-FB77-4645-B42D-1CCCA6BD08BD}") = "Quiz", "Quiz\Quiz.njsproj", "{102B98AB-AD08-45DA-BDB1-47DCB63B2DDC}"
EndProject
Global
	GlobalSection(SolutionConfigurationPlatforms) = preSolution
		Debug|Any CPU = Debug|Any CPU
		Release|Any CPU = Release|Any CPU
	EndGlobalSection
	GlobalSection(ProjectConfigurationPlatforms) = postSolution
		{102B98AB-AD08-45DA-BDB1-47DCB63B2DDC}.Debug|Any CPU.ActiveCfg = Debug|Any CPU
		{102B98AB-AD08-45DA-BDB1-47DCB63B2DDC}.Debug|Any CPU.Build.0 = Debug|Any CPU
		{102B98AB-AD08-45DA-BDB1-47DCB63B2DDC}.Release|Any CPU.ActiveCfg = Release|Any CPU
		{102B98AB-AD08-45DA-BDB1-47DCB63B2DDC}.Release|Any CPU.Build.0 = Release|Any CPU
	EndGlobalSection
	GlobalSection(SolutionProperties) = preSolution
		HideSolutionNode = FALSE
	EndGlobalSection
	GlobalSection(ExtensibilityGlobals) = postSolution
		SolutionGuid = {52EE9900-621E-469E-857F-7CF6BC86F7EC}
	EndGlobalSection
EndGlobal
